
Microsoft Visual Studio Solution File, Format Version 12.00
# Visual Studio 15
VisualStudioVersion = 15.0.28010.2046
MinimumVisualStudioVersion = 10.0.40219.1
Project("{FAE04EC0-301F-11D3-BF4B-00C04F79EFBC}") = "Lesson15_ValueTypes", "Lesson15_ValueTypes\Lesson15_ValueTypes.csproj", "{3D2A1BCA-057B-4063-961C-6CF089A29A93}"
EndProject
Project("{FAE04EC0-301F-11D3-BF4B-00C04F79EFBC}") = "Lesson16_Exceptions", "Lesson16_Exceptions\Lesson16_Exceptions.csproj", "{34C2E1C0-6620-466C-928B-F68DCF89E26B}"
EndProject
Project("{FAE04EC0-301F-11D3-BF4B-00C04F79EFBC}") = "Lesson17_UnitTests", "Lesson17_UnitTests\Lesson17_UnitTests.csproj", "{E229F447-F79B-49C0-BEAB-7D220E4C7B78}"
EndProject
Project("{FAE04EC0-301F-11D3-BF4B-00C04F79EFBC}") = "Lesson17_UnitTests_Tests", "Lesson17_UnitTests_Tests\Lesson17_UnitTests_Tests.csproj", "{6E18C431-3B61-4AB1-A304-41135B622E39}"
EndProject
Project("{FAE04EC0-301F-11D3-BF4B-00C04F79EFBC}") = "Lesson18_FilesAndDataStructures", "Lesson18_FilesAndDataStructures\Lesson18_FilesAndDataStructures.csproj", "{CCDD1DE7-E25A-4E11-8B6B-0541B9E6D610}"
EndProject
Project("{FAE04EC0-301F-11D3-BF4B-00C04F79EFBC}") = "Lesson19_EventsAndGenerics", "Lesson19_EventsAndGenerics\Lesson19_EventsAndGenerics.csproj", "{F3C6D3BC-BA50-4262-B9F4-5E741DCCB7D7}"
EndProject
Project("{FAE04EC0-301F-11D3-BF4B-00C04F79EFBC}") = "Lesson20_LINQ", "Lesson20_LINQ\Lesson20_LINQ.csproj", "{D0252A97-5C76-471C-B598-8E24002EF96C}"
EndProject
Project("{FAE04EC0-301F-11D3-BF4B-00C04F79EFBC}") = "Lesson19_Tests", "Lesson19_Tests\Lesson19_Tests.csproj", "{CF0CB145-6051-4C33-A36A-43477895CEF0}"
EndProject
Project("{FAE04EC0-301F-11D3-BF4B-00C04F79EFBC}") = "Lesson21_DesignPatterns", "Lesson21_DesignPatterns\Lesson21_DesignPatterns.csproj", "{A2D8FAFE-B772-4C3F-A802-821E9C43A224}"
EndProject
Project("{FAE04EC0-301F-11D3-BF4B-00C04F79EFBC}") = "Lesson22_HTTP", "Lesson22_HTTP\Lesson22_HTTP.csproj", "{7920CA9C-A459-42B1-B596-26AC8B3F769D}"
EndProject
Project("{FAE04EC0-301F-11D3-BF4B-00C04F79EFBC}") = "Lesson21_DesignPatternsTests", "Lesson21_DesignPatternsTests\Lesson21_DesignPatternsTests.csproj", "{A44AA6A0-6180-49AD-A562-6691CF97AA5E}"
EndProject
Project("{FAE04EC0-301F-11D3-BF4B-00C04F79EFBC}") = "Lesson23_SQL", "Lesson23_SQL\Lesson23_SQL.csproj", "{44255E56-2828-41D4-995F-E229AFFEAE47}"
EndProject
Project("{FAE04EC0-301F-11D3-BF4B-00C04F79EFBC}") = "Lesson24_Threading", "Lesson24_Threading\Lesson24_Threading.csproj", "{E114EC7D-52BF-4C35-A97B-AD9C9DD49C21}"
EndProject
Project("{FAE04EC0-301F-11D3-BF4B-00C04F79EFBC}") = "Lesson25_WPF", "Lesson25_WPF\Lesson25_WPF.csproj", "{8E5AFA33-C28E-423C-89ED-9BD14DEF700D}"
EndProject
Global
	GlobalSection(SolutionConfigurationPlatforms) = preSolution
		Debug|Any CPU = Debug|Any CPU
		Release|Any CPU = Release|Any CPU
	EndGlobalSection
	GlobalSection(ProjectConfigurationPlatforms) = postSolution
		{3D2A1BCA-057B-4063-961C-6CF089A29A93}.Debug|Any CPU.ActiveCfg = Debug|Any CPU
		{3D2A1BCA-057B-4063-961C-6CF089A29A93}.Debug|Any CPU.Build.0 = Debug|Any CPU
		{3D2A1BCA-057B-4063-961C-6CF089A29A93}.Release|Any CPU.ActiveCfg = Release|Any CPU
		{3D2A1BCA-057B-4063-961C-6CF089A29A93}.Release|Any CPU.Build.0 = Release|Any CPU
		{34C2E1C0-6620-466C-928B-F68DCF89E26B}.Debug|Any CPU.ActiveCfg = Debug|Any CPU
		{34C2E1C0-6620-466C-928B-F68DCF89E26B}.Debug|Any CPU.Build.0 = Debug|Any CPU
		{34C2E1C0-6620-466C-928B-F68DCF89E26B}.Release|Any CPU.ActiveCfg = Release|Any CPU
		{34C2E1C0-6620-466C-928B-F68DCF89E26B}.Release|Any CPU.Build.0 = Release|Any CPU
		{E229F447-F79B-49C0-BEAB-7D220E4C7B78}.Debug|Any CPU.ActiveCfg = Debug|Any CPU
		{E229F447-F79B-49C0-BEAB-7D220E4C7B78}.Debug|Any CPU.Build.0 = Debug|Any CPU
		{E229F447-F79B-49C0-BEAB-7D220E4C7B78}.Release|Any CPU.ActiveCfg = Release|Any CPU
		{E229F447-F79B-49C0-BEAB-7D220E4C7B78}.Release|Any CPU.Build.0 = Release|Any CPU
		{6E18C431-3B61-4AB1-A304-41135B622E39}.Debug|Any CPU.ActiveCfg = Debug|Any CPU
		{6E18C431-3B61-4AB1-A304-41135B622E39}.Debug|Any CPU.Build.0 = Debug|Any CPU
		{6E18C431-3B61-4AB1-A304-41135B622E39}.Release|Any CPU.ActiveCfg = Release|Any CPU
		{6E18C431-3B61-4AB1-A304-41135B622E39}.Release|Any CPU.Build.0 = Release|Any CPU
		{CCDD1DE7-E25A-4E11-8B6B-0541B9E6D610}.Debug|Any CPU.ActiveCfg = Debug|Any CPU
		{CCDD1DE7-E25A-4E11-8B6B-0541B9E6D610}.Debug|Any CPU.Build.0 = Debug|Any CPU
		{CCDD1DE7-E25A-4E11-8B6B-0541B9E6D610}.Release|Any CPU.ActiveCfg = Release|Any CPU
		{CCDD1DE7-E25A-4E11-8B6B-0541B9E6D610}.Release|Any CPU.Build.0 = Release|Any CPU
		{F3C6D3BC-BA50-4262-B9F4-5E741DCCB7D7}.Debug|Any CPU.ActiveCfg = Debug|Any CPU
		{F3C6D3BC-BA50-4262-B9F4-5E741DCCB7D7}.Debug|Any CPU.Build.0 = Debug|Any CPU
		{F3C6D3BC-BA50-4262-B9F4-5E741DCCB7D7}.Release|Any CPU.ActiveCfg = Release|Any CPU
		{F3C6D3BC-BA50-4262-B9F4-5E741DCCB7D7}.Release|Any CPU.Build.0 = Release|Any CPU
		{D0252A97-5C76-471C-B598-8E24002EF96C}.Debug|Any CPU.ActiveCfg = Debug|Any CPU
		{D0252A97-5C76-471C-B598-8E24002EF96C}.Debug|Any CPU.Build.0 = Debug|Any CPU
		{D0252A97-5C76-471C-B598-8E24002EF96C}.Release|Any CPU.ActiveCfg = Release|Any CPU
		{D0252A97-5C76-471C-B598-8E24002EF96C}.Release|Any CPU.Build.0 = Release|Any CPU
		{CF0CB145-6051-4C33-A36A-43477895CEF0}.Debug|Any CPU.ActiveCfg = Debug|Any CPU
		{CF0CB145-6051-4C33-A36A-43477895CEF0}.Debug|Any CPU.Build.0 = Debug|Any CPU
		{CF0CB145-6051-4C33-A36A-43477895CEF0}.Release|Any CPU.ActiveCfg = Release|Any CPU
		{CF0CB145-6051-4C33-A36A-43477895CEF0}.Release|Any CPU.Build.0 = Release|Any CPU
		{A2D8FAFE-B772-4C3F-A802-821E9C43A224}.Debug|Any CPU.ActiveCfg = Debug|Any CPU
		{A2D8FAFE-B772-4C3F-A802-821E9C43A224}.Debug|Any CPU.Build.0 = Debug|Any CPU
		{A2D8FAFE-B772-4C3F-A802-821E9C43A224}.Release|Any CPU.ActiveCfg = Release|Any CPU
		{A2D8FAFE-B772-4C3F-A802-821E9C43A224}.Release|Any CPU.Build.0 = Release|Any CPU
		{7920CA9C-A459-42B1-B596-26AC8B3F769D}.Debug|Any CPU.ActiveCfg = Debug|Any CPU
		{7920CA9C-A459-42B1-B596-26AC8B3F769D}.Debug|Any CPU.Build.0 = Debug|Any CPU
		{7920CA9C-A459-42B1-B596-26AC8B3F769D}.Release|Any CPU.ActiveCfg = Release|Any CPU
		{7920CA9C-A459-42B1-B596-26AC8B3F769D}.Release|Any CPU.Build.0 = Release|Any CPU
		{A44AA6A0-6180-49AD-A562-6691CF97AA5E}.Debug|Any CPU.ActiveCfg = Debug|Any CPU
		{A44AA6A0-6180-49AD-A562-6691CF97AA5E}.Debug|Any CPU.Build.0 = Debug|Any CPU
		{A44AA6A0-6180-49AD-A562-6691CF97AA5E}.Release|Any CPU.ActiveCfg = Release|Any CPU
		{A44AA6A0-6180-49AD-A562-6691CF97AA5E}.Release|Any CPU.Build.0 = Release|Any CPU
		{44255E56-2828-41D4-995F-E229AFFEAE47}.Debug|Any CPU.ActiveCfg = Debug|Any CPU
		{44255E56-2828-41D4-995F-E229AFFEAE47}.Debug|Any CPU.Build.0 = Debug|Any CPU
		{44255E56-2828-41D4-995F-E229AFFEAE47}.Release|Any CPU.ActiveCfg = Release|Any CPU
		{44255E56-2828-41D4-995F-E229AFFEAE47}.Release|Any CPU.Build.0 = Release|Any CPU
		{E114EC7D-52BF-4C35-A97B-AD9C9DD49C21}.Debug|Any CPU.ActiveCfg = Debug|Any CPU
		{E114EC7D-52BF-4C35-A97B-AD9C9DD49C21}.Debug|Any CPU.Build.0 = Debug|Any CPU
		{E114EC7D-52BF-4C35-A97B-AD9C9DD49C21}.Release|Any CPU.ActiveCfg = Release|Any CPU
		{E114EC7D-52BF-4C35-A97B-AD9C9DD49C21}.Release|Any CPU.Build.0 = Release|Any CPU
		{8E5AFA33-C28E-423C-89ED-9BD14DEF700D}.Debug|Any CPU.ActiveCfg = Debug|Any CPU
		{8E5AFA33-C28E-423C-89ED-9BD14DEF700D}.Debug|Any CPU.Build.0 = Debug|Any CPU
		{8E5AFA33-C28E-423C-89ED-9BD14DEF700D}.Release|Any CPU.ActiveCfg = Release|Any CPU
		{8E5AFA33-C28E-423C-89ED-9BD14DEF700D}.Release|Any CPU.Build.0 = Release|Any CPU
	EndGlobalSection
	GlobalSection(SolutionProperties) = preSolution
		HideSolutionNode = FALSE
	EndGlobalSection
	GlobalSection(ExtensibilityGlobals) = postSolution
		SolutionGuid = {28ABBCD3-4403-46C3-8BC0-6D27DB216080}
	EndGlobalSection
EndGlobal
